
Microsoft Visual Studio Solution File, Format Version 12.00
# Visual Studio 15
VisualStudioVersion = 15.0.28307.329
MinimumVisualStudioVersion = 10.0.40219.1
Project("{FAE04EC0-301F-11D3-BF4B-00C04F79EFBC}") = "SuperCOOL", "src\SuperCOOL\SuperCOOL.csproj", "{441EADF2-0D8F-48DA-9DC6-988C88EF5631}"
EndProject
Global
	GlobalSection(SolutionConfigurationPlatforms) = preSolution
		Debug|Any CPU = Debug|Any CPU
		Release|Any CPU = Release|Any CPU
	EndGlobalSection
	GlobalSection(ProjectConfigurationPlatforms) = postSolution
		{441EADF2-0D8F-48DA-9DC6-988C88EF5631}.Debug|Any CPU.ActiveCfg = Debug|Any CPU
		{441EADF2-0D8F-48DA-9DC6-988C88EF5631}.Debug|Any CPU.Build.0 = Debug|Any CPU
		{441EADF2-0D8F-48DA-9DC6-988C88EF5631}.Release|Any CPU.ActiveCfg = Release|Any CPU
		{441EADF2-0D8F-48DA-9DC6-988C88EF5631}.Release|Any CPU.Build.0 = Release|Any CPU
	EndGlobalSection
	GlobalSection(SolutionProperties) = preSolution
		HideSolutionNode = FALSE
	EndGlobalSection
	GlobalSection(ExtensibilityGlobals) = postSolution
		SolutionGuid = {A9CB9604-15C4-4404-ACA8-1B02FF0C8D20}
	EndGlobalSection
EndGlobal
